
Microsoft Visual Studio Solution File, Format Version 12.00
# Visual Studio Version 17
VisualStudioVersion = 17.4.33403.182
MinimumVisualStudioVersion = 10.0.40219.1
Project("{2150E333-8FDC-42A3-9474-1A3956D46DE8}") = "Class projects", "Class projects", "{80810258-67A9-47FA-9C1F-E8F354E99CE3}"
EndProject
Project("{9A19103F-16F7-4668-BE54-9A1E7A4F7556}") = "SpreadSheetLightImportDataTable", "SpreadSheetLightImportDataTable\SpreadSheetLightImportDataTable.csproj", "{EDC83680-3EE4-485F-A442-03694D6AC1AF}"
EndProject
Project("{9A19103F-16F7-4668-BE54-9A1E7A4F7556}") = "NorthWind2020Library", "NorthWind2020Library\NorthWind2020Library.csproj", "{FFB51898-A22C-4926-B6D1-45BEE78BEAE1}"
EndProject
Project("{2150E333-8FDC-42A3-9474-1A3956D46DE8}") = "Console projects", "Console projects", "{594837FC-D109-4CBF-B598-FD6F7F8D6EBB}"
EndProject
Project("{9A19103F-16F7-4668-BE54-9A1E7A4F7556}") = "SpreadSheetLightConsoleApp", "SpreadSheetLightConsoleApp1\SpreadSheetLightConsoleApp.csproj", "{0D593297-6FFA-4FEA-AEE7-0B8AB374D495}"
EndProject
Project("{9A19103F-16F7-4668-BE54-9A1E7A4F7556}") = "SpreadSheetLightExamples", "SpreadSheetLightExamples\SpreadSheetLightExamples.csproj", "{A5846E7D-F37F-460A-ADCB-B33395347B27}"
EndProject
Project("{9A19103F-16F7-4668-BE54-9A1E7A4F7556}") = "SpreadSheetLightLibrary", "SpreadSheetLightLibrary\SpreadSheetLightLibrary.csproj", "{8AC676E5-6DBA-4438-8C39-34B070780DD4}"
EndProject
Project("{2150E333-8FDC-42A3-9474-1A3956D46DE8}") = "Solution Items", "Solution Items", "{8EF9737F-47E1-4139-A13B-0C0EFA946349}"
	ProjectSection(SolutionItems) = preProject
		.editorconfig = .editorconfig
		readme.md = readme.md
	EndProjectSection
EndProject
Project("{2150E333-8FDC-42A3-9474-1A3956D46DE8}") = "Other", "Other", "{06421E89-4551-4FD3-ABF9-82B2F7E5710F}"
EndProject
Project("{9A19103F-16F7-4668-BE54-9A1E7A4F7556}") = "EPPlus1", "EPPlus1\EPPlus1.csproj", "{48FEA5A1-0CFD-4B12-AEED-E34EC04DF298}"
EndProject
Project("{FAE04EC0-301F-11D3-BF4B-00C04F79EFBC}") = "Automation", "Automation\Automation.csproj", "{39549F97-9387-4A92-B36F-5CBB6C7EAD55}"
EndProject
Project("{9A19103F-16F7-4668-BE54-9A1E7A4F7556}") = "OleDbDemoForm", "OleDbDemoForm\OleDbDemoForm.csproj", "{3917210D-56DB-46B9-9C85-953423B1CF95}"
EndProject
Project("{9A19103F-16F7-4668-BE54-9A1E7A4F7556}") = "BuilderPatternGenerate", "BuilderPatternGenerate\BuilderPatternGenerate.csproj", "{6CBFD0CC-2CFE-43B3-BA43-A91F3476ED29}"
EndProject
Project("{9A19103F-16F7-4668-BE54-9A1E7A4F7556}") = "CsvHelperExample", "CsvHelperExample\CsvHelperExample.csproj", "{F5F51C94-CF74-479E-8FE6-9D5E67F38352}"
EndProject
Project("{2150E333-8FDC-42A3-9474-1A3956D46DE8}") = "Forms projects", "Forms projects", "{86E747DA-DD0D-459B-B9DA-77157F249A0D}"
EndProject
Project("{9A19103F-16F7-4668-BE54-9A1E7A4F7556}") = "DataTableToSheet", "GemboxDataTableSimple\DataTableToSheet.csproj", "{B935B706-F888-41AF-9FB2-879ACDE0E8D8}"
EndProject
Project("{9A19103F-16F7-4668-BE54-9A1E7A4F7556}") = "ClosedXMLDataTable", "ClosedXMLDataTable\ClosedXMLDataTable.csproj", "{D3B85357-B02A-42DB-8B78-9320E9092B8D}"
EndProject
Project("{9A19103F-16F7-4668-BE54-9A1E7A4F7556}") = "SpreadSheetLightOther", "SpreadSheetLightOther\SpreadSheetLightOther.csproj", "{40D69C8D-ED37-44F4-9568-66A173874CA2}"
EndProject
Project("{2150E333-8FDC-42A3-9474-1A3956D46DE8}") = "Third party", "Third party", "{98401863-B493-4D7E-AAB3-D1D3535DA108}"
EndProject
Project("{2150E333-8FDC-42A3-9474-1A3956D46DE8}") = "Conventional", "Conventional", "{56E33EB7-D8BE-4E72-8AF8-7371BDE3D769}"
EndProject
Project("{2150E333-8FDC-42A3-9474-1A3956D46DE8}") = "Utility", "Utility", "{CA7EC995-1C52-404A-A857-7368F753CB1C}"
EndProject
Project("{2150E333-8FDC-42A3-9474-1A3956D46DE8}") = "SpreadSheetLight", "SpreadSheetLight", "{9AE6CE0F-0A5B-4B82-BC9B-ACCD37081074}"
EndProject
Project("{FAE04EC0-301F-11D3-BF4B-00C04F79EFBC}") = "SpreadSheetLightRazorDemo", "SpreadSheetLightRazorDemo\SpreadSheetLightRazorDemo.csproj", "{1226552D-A319-4EA5-8F8F-5E897C04B8C1}"
EndProject
Global
	GlobalSection(SolutionConfigurationPlatforms) = preSolution
		Debug|Any CPU = Debug|Any CPU
		Release|Any CPU = Release|Any CPU
	EndGlobalSection
	GlobalSection(ProjectConfigurationPlatforms) = postSolution
		{EDC83680-3EE4-485F-A442-03694D6AC1AF}.Debug|Any CPU.ActiveCfg = Debug|Any CPU
		{EDC83680-3EE4-485F-A442-03694D6AC1AF}.Debug|Any CPU.Build.0 = Debug|Any CPU
		{EDC83680-3EE4-485F-A442-03694D6AC1AF}.Release|Any CPU.ActiveCfg = Release|Any CPU
		{EDC83680-3EE4-485F-A442-03694D6AC1AF}.Release|Any CPU.Build.0 = Release|Any CPU
		{FFB51898-A22C-4926-B6D1-45BEE78BEAE1}.Debug|Any CPU.ActiveCfg = Debug|Any CPU
		{FFB51898-A22C-4926-B6D1-45BEE78BEAE1}.Debug|Any CPU.Build.0 = Debug|Any CPU
		{FFB51898-A22C-4926-B6D1-45BEE78BEAE1}.Release|Any CPU.ActiveCfg = Release|Any CPU
		{FFB51898-A22C-4926-B6D1-45BEE78BEAE1}.Release|Any CPU.Build.0 = Release|Any CPU
		{0D593297-6FFA-4FEA-AEE7-0B8AB374D495}.Debug|Any CPU.ActiveCfg = Debug|Any CPU
		{0D593297-6FFA-4FEA-AEE7-0B8AB374D495}.Debug|Any CPU.Build.0 = Debug|Any CPU
		{0D593297-6FFA-4FEA-AEE7-0B8AB374D495}.Release|Any CPU.ActiveCfg = Release|Any CPU
		{0D593297-6FFA-4FEA-AEE7-0B8AB374D495}.Release|Any CPU.Build.0 = Release|Any CPU
		{A5846E7D-F37F-460A-ADCB-B33395347B27}.Debug|Any CPU.ActiveCfg = Debug|Any CPU
		{A5846E7D-F37F-460A-ADCB-B33395347B27}.Debug|Any CPU.Build.0 = Debug|Any CPU
		{A5846E7D-F37F-460A-ADCB-B33395347B27}.Release|Any CPU.ActiveCfg = Release|Any CPU
		{A5846E7D-F37F-460A-ADCB-B33395347B27}.Release|Any CPU.Build.0 = Release|Any CPU
		{8AC676E5-6DBA-4438-8C39-34B070780DD4}.Debug|Any CPU.ActiveCfg = Debug|Any CPU
		{8AC676E5-6DBA-4438-8C39-34B070780DD4}.Debug|Any CPU.Build.0 = Debug|Any CPU
		{8AC676E5-6DBA-4438-8C39-34B070780DD4}.Release|Any CPU.ActiveCfg = Release|Any CPU
		{8AC676E5-6DBA-4438-8C39-34B070780DD4}.Release|Any CPU.Build.0 = Release|Any CPU
		{48FEA5A1-0CFD-4B12-AEED-E34EC04DF298}.Debug|Any CPU.ActiveCfg = Debug|Any CPU
		{48FEA5A1-0CFD-4B12-AEED-E34EC04DF298}.Debug|Any CPU.Build.0 = Debug|Any CPU
		{48FEA5A1-0CFD-4B12-AEED-E34EC04DF298}.Release|Any CPU.ActiveCfg = Release|Any CPU
		{48FEA5A1-0CFD-4B12-AEED-E34EC04DF298}.Release|Any CPU.Build.0 = Release|Any CPU
		{39549F97-9387-4A92-B36F-5CBB6C7EAD55}.Debug|Any CPU.ActiveCfg = Debug|Any CPU
		{39549F97-9387-4A92-B36F-5CBB6C7EAD55}.Debug|Any CPU.Build.0 = Debug|Any CPU
		{39549F97-9387-4A92-B36F-5CBB6C7EAD55}.Release|Any CPU.ActiveCfg = Release|Any CPU
		{39549F97-9387-4A92-B36F-5CBB6C7EAD55}.Release|Any CPU.Build.0 = Release|Any CPU
		{3917210D-56DB-46B9-9C85-953423B1CF95}.Debug|Any CPU.ActiveCfg = Debug|Any CPU
		{3917210D-56DB-46B9-9C85-953423B1CF95}.Debug|Any CPU.Build.0 = Debug|Any CPU
		{3917210D-56DB-46B9-9C85-953423B1CF95}.Release|Any CPU.ActiveCfg = Release|Any CPU
		{3917210D-56DB-46B9-9C85-953423B1CF95}.Release|Any CPU.Build.0 = Release|Any CPU
		{6CBFD0CC-2CFE-43B3-BA43-A91F3476ED29}.Debug|Any CPU.ActiveCfg = Debug|Any CPU
		{6CBFD0CC-2CFE-43B3-BA43-A91F3476ED29}.Debug|Any CPU.Build.0 = Debug|Any CPU
		{6CBFD0CC-2CFE-43B3-BA43-A91F3476ED29}.Release|Any CPU.ActiveCfg = Release|Any CPU
		{6CBFD0CC-2CFE-43B3-BA43-A91F3476ED29}.Release|Any CPU.Build.0 = Release|Any CPU
		{F5F51C94-CF74-479E-8FE6-9D5E67F38352}.Debug|Any CPU.ActiveCfg = Debug|Any CPU
		{F5F51C94-CF74-479E-8FE6-9D5E67F38352}.Debug|Any CPU.Build.0 = Debug|Any CPU
		{F5F51C94-CF74-479E-8FE6-9D5E67F38352}.Release|Any CPU.ActiveCfg = Release|Any CPU
		{F5F51C94-CF74-479E-8FE6-9D5E67F38352}.Release|Any CPU.Build.0 = Release|Any CPU
		{B935B706-F888-41AF-9FB2-879ACDE0E8D8}.Debug|Any CPU.ActiveCfg = Debug|Any CPU
		{B935B706-F888-41AF-9FB2-879ACDE0E8D8}.Debug|Any CPU.Build.0 = Debug|Any CPU
		{B935B706-F888-41AF-9FB2-879ACDE0E8D8}.Release|Any CPU.ActiveCfg = Release|Any CPU
		{B935B706-F888-41AF-9FB2-879ACDE0E8D8}.Release|Any CPU.Build.0 = Release|Any CPU
		{D3B85357-B02A-42DB-8B78-9320E9092B8D}.Debug|Any CPU.ActiveCfg = Debug|Any CPU
		{D3B85357-B02A-42DB-8B78-9320E9092B8D}.Debug|Any CPU.Build.0 = Debug|Any CPU
		{D3B85357-B02A-42DB-8B78-9320E9092B8D}.Release|Any CPU.ActiveCfg = Release|Any CPU
		{D3B85357-B02A-42DB-8B78-9320E9092B8D}.Release|Any CPU.Build.0 = Release|Any CPU
		{40D69C8D-ED37-44F4-9568-66A173874CA2}.Debug|Any CPU.ActiveCfg = Debug|Any CPU
		{40D69C8D-ED37-44F4-9568-66A173874CA2}.Debug|Any CPU.Build.0 = Debug|Any CPU
		{40D69C8D-ED37-44F4-9568-66A173874CA2}.Release|Any CPU.ActiveCfg = Release|Any CPU
		{40D69C8D-ED37-44F4-9568-66A173874CA2}.Release|Any CPU.Build.0 = Release|Any CPU
		{1226552D-A319-4EA5-8F8F-5E897C04B8C1}.Debug|Any CPU.ActiveCfg = Debug|Any CPU
		{1226552D-A319-4EA5-8F8F-5E897C04B8C1}.Debug|Any CPU.Build.0 = Debug|Any CPU
		{1226552D-A319-4EA5-8F8F-5E897C04B8C1}.Release|Any CPU.ActiveCfg = Release|Any CPU
		{1226552D-A319-4EA5-8F8F-5E897C04B8C1}.Release|Any CPU.Build.0 = Release|Any CPU
	EndGlobalSection
	GlobalSection(SolutionProperties) = preSolution
		HideSolutionNode = FALSE
	EndGlobalSection
	GlobalSection(NestedProjects) = preSolution
		{EDC83680-3EE4-485F-A442-03694D6AC1AF} = {80810258-67A9-47FA-9C1F-E8F354E99CE3}
		{FFB51898-A22C-4926-B6D1-45BEE78BEAE1} = {80810258-67A9-47FA-9C1F-E8F354E99CE3}
		{0D593297-6FFA-4FEA-AEE7-0B8AB374D495} = {9AE6CE0F-0A5B-4B82-BC9B-ACCD37081074}
		{A5846E7D-F37F-460A-ADCB-B33395347B27} = {9AE6CE0F-0A5B-4B82-BC9B-ACCD37081074}
		{8AC676E5-6DBA-4438-8C39-34B070780DD4} = {80810258-67A9-47FA-9C1F-E8F354E99CE3}
		{48FEA5A1-0CFD-4B12-AEED-E34EC04DF298} = {98401863-B493-4D7E-AAB3-D1D3535DA108}
		{39549F97-9387-4A92-B36F-5CBB6C7EAD55} = {56E33EB7-D8BE-4E72-8AF8-7371BDE3D769}
		{3917210D-56DB-46B9-9C85-953423B1CF95} = {86E747DA-DD0D-459B-B9DA-77157F249A0D}
		{6CBFD0CC-2CFE-43B3-BA43-A91F3476ED29} = {CA7EC995-1C52-404A-A857-7368F753CB1C}
		{F5F51C94-CF74-479E-8FE6-9D5E67F38352} = {CA7EC995-1C52-404A-A857-7368F753CB1C}
		{86E747DA-DD0D-459B-B9DA-77157F249A0D} = {56E33EB7-D8BE-4E72-8AF8-7371BDE3D769}
		{B935B706-F888-41AF-9FB2-879ACDE0E8D8} = {98401863-B493-4D7E-AAB3-D1D3535DA108}
		{D3B85357-B02A-42DB-8B78-9320E9092B8D} = {594837FC-D109-4CBF-B598-FD6F7F8D6EBB}
		{40D69C8D-ED37-44F4-9568-66A173874CA2} = {9AE6CE0F-0A5B-4B82-BC9B-ACCD37081074}
		{98401863-B493-4D7E-AAB3-D1D3535DA108} = {594837FC-D109-4CBF-B598-FD6F7F8D6EBB}
		{56E33EB7-D8BE-4E72-8AF8-7371BDE3D769} = {594837FC-D109-4CBF-B598-FD6F7F8D6EBB}
		{CA7EC995-1C52-404A-A857-7368F753CB1C} = {594837FC-D109-4CBF-B598-FD6F7F8D6EBB}
		{9AE6CE0F-0A5B-4B82-BC9B-ACCD37081074} = {594837FC-D109-4CBF-B598-FD6F7F8D6EBB}
	EndGlobalSection
	GlobalSection(ExtensibilityGlobals) = postSolution
		SolutionGuid = {490BCC9D-B540-4589-AFF3-15CD641014BC}
	EndGlobalSection
EndGlobal
